
Microsoft Visual Studio Solution File, Format Version 12.00
# Visual Studio Version 17
VisualStudioVersion = 17.8.34525.116
MinimumVisualStudioVersion = 10.0.40219.1
Project("{FAE04EC0-301F-11D3-BF4B-00C04F79EFBC}") = "BusCurs", "BusCurs\BusCurs.csproj", "{104679E0-AEEC-422F-A5B4-6EEED6C53E41}"
EndProject
Global
	GlobalSection(SolutionConfigurationPlatforms) = preSolution
		Debug|Any CPU = Debug|Any CPU
		Release|Any CPU = Release|Any CPU
	EndGlobalSection
	GlobalSection(ProjectConfigurationPlatforms) = postSolution
		{104679E0-AEEC-422F-A5B4-6EEED6C53E41}.Debug|Any CPU.ActiveCfg = Debug|Any CPU
		{104679E0-AEEC-422F-A5B4-6EEED6C53E41}.Debug|Any CPU.Build.0 = Debug|Any CPU
		{104679E0-AEEC-422F-A5B4-6EEED6C53E41}.Release|Any CPU.ActiveCfg = Release|Any CPU
		{104679E0-AEEC-422F-A5B4-6EEED6C53E41}.Release|Any CPU.Build.0 = Release|Any CPU
	EndGlobalSection
	GlobalSection(SolutionProperties) = preSolution
		HideSolutionNode = FALSE
	EndGlobalSection
	GlobalSection(ExtensibilityGlobals) = postSolution
		SolutionGuid = {9BB5912E-41F0-4037-9CDE-78053EE8B10F}
	EndGlobalSection
EndGlobal
